// !$*UTF8*$!
{
	archiveVersion = 1;
	classes = {
	};
	objectVersion = 56;
	objects = {

/* Begin PBXBuildFile section */
		103A1A5F2A5C6E6400440F5E /* main.swift in Sources */ = {isa = PBXBuildFile; fileRef = 103A1A5E2A5C6E6400440F5E /* main.swift */; };
		103A1A662A5C6E9700440F5E /* utils.swift in Sources */ = {isa = PBXBuildFile; fileRef = 103A1A652A5C6E9700440F5E /* utils.swift */; };
		103A1A682A5C6EFB00440F5E /* constants.swift in Sources */ = {isa = PBXBuildFile; fileRef = 103A1A672A5C6EFB00440F5E /* constants.swift */; };
		10FAD6F32A5DB8BC00B9D225 /* handle-inputs.swift in Sources */ = {isa = PBXBuildFile; fileRef = 10FAD6F22A5DB8BC00B9D225 /* handle-inputs.swift */; };
		10FAD6F52A5DC09700B9D225 /* play-games.swift in Sources */ = {isa = PBXBuildFile; fileRef = 10FAD6F42A5DC09700B9D225 /* play-games.swift */; };
		10FAD6F72A5DC21500B9D225 /* analyze-games.swift in Sources */ = {isa = PBXBuildFile; fileRef = 10FAD6F62A5DC21500B9D225 /* analyze-games.swift */; };
		10FAD6F92A5DC42200B9D225 /* MenuChoice.swift in Sources */ = {isa = PBXBuildFile; fileRef = 10FAD6F82A5DC42200B9D225 /* MenuChoice.swift */; };
		10FAD6FC2A5DCB2C00B9D225 /* GameType.swift in Sources */ = {isa = PBXBuildFile; fileRef = 10FAD6FB2A5DCB2C00B9D225 /* GameType.swift */; };
/* End PBXBuildFile section */

/* Begin PBXCopyFilesBuildPhase section */
		103A1A592A5C6E6400440F5E /* CopyFiles */ = {
			isa = PBXCopyFilesBuildPhase;
			buildActionMask = 2147483647;
			dstPath = /usr/share/man/man1/;
			dstSubfolderSpec = 0;
			files = (
			);
			runOnlyForDeploymentPostprocessing = 1;
		};
/* End PBXCopyFilesBuildPhase section */

/* Begin PBXFileReference section */
		103A1A5B2A5C6E6400440F5E /* Lab2-Question8 */ = {isa = PBXFileReference; explicitFileType = "compiled.mach-o.executable"; includeInIndex = 0; path = "Lab2-Question8"; sourceTree = BUILT_PRODUCTS_DIR; };
		103A1A5E2A5C6E6400440F5E /* main.swift */ = {isa = PBXFileReference; lastKnownFileType = sourcecode.swift; path = main.swift; sourceTree = "<group>"; };
		103A1A652A5C6E9700440F5E /* utils.swift */ = {isa = PBXFileReference; lastKnownFileType = sourcecode.swift; path = utils.swift; sourceTree = "<group>"; };
		103A1A672A5C6EFB00440F5E /* constants.swift */ = {isa = PBXFileReference; lastKnownFileType = sourcecode.swift; path = constants.swift; sourceTree = "<group>"; };
		10FAD6F22A5DB8BC00B9D225 /* handle-inputs.swift */ = {isa = PBXFileReference; lastKnownFileType = sourcecode.swift; path = "handle-inputs.swift"; sourceTree = "<group>"; };
		10FAD6F42A5DC09700B9D225 /* play-games.swift */ = {isa = PBXFileReference; lastKnownFileType = sourcecode.swift; path = "play-games.swift"; sourceTree = "<group>"; };
		10FAD6F62A5DC21500B9D225 /* analyze-games.swift */ = {isa = PBXFileReference; lastKnownFileType = sourcecode.swift; path = "analyze-games.swift"; sourceTree = "<group>"; };
		10FAD6F82A5DC42200B9D225 /* MenuChoice.swift */ = {isa = PBXFileReference; lastKnownFileType = sourcecode.swift; path = MenuChoice.swift; sourceTree = "<group>"; };
		10FAD6FB2A5DCB2C00B9D225 /* GameType.swift */ = {isa = PBXFileReference; lastKnownFileType = sourcecode.swift; path = GameType.swift; sourceTree = "<group>"; };
/* End PBXFileReference section */

/* Begin PBXFrameworksBuildPhase section */
		103A1A582A5C6E6400440F5E /* Frameworks */ = {
			isa = PBXFrameworksBuildPhase;
			buildActionMask = 2147483647;
			files = (
			);
			runOnlyForDeploymentPostprocessing = 0;
		};
/* End PBXFrameworksBuildPhase section */

/* Begin PBXGroup section */
		103A1A522A5C6E6400440F5E = {
			isa = PBXGroup;
			children = (
				103A1A5D2A5C6E6400440F5E /* Lab2-Question8 */,
				103A1A5C2A5C6E6400440F5E /* Products */,
			);
			sourceTree = "<group>";
		};
		103A1A5C2A5C6E6400440F5E /* Products */ = {
			isa = PBXGroup;
			children = (
				103A1A5B2A5C6E6400440F5E /* Lab2-Question8 */,
			);
			name = Products;
			sourceTree = "<group>";
		};
		103A1A5D2A5C6E6400440F5E /* Lab2-Question8 */ = {
			isa = PBXGroup;
			children = (
				10FAD6FA2A5DC67500B9D225 /* Models */,
				103A1A5E2A5C6E6400440F5E /* main.swift */,
				103A1A652A5C6E9700440F5E /* utils.swift */,
				103A1A672A5C6EFB00440F5E /* constants.swift */,
				10FAD6F22A5DB8BC00B9D225 /* handle-inputs.swift */,
				10FAD6F42A5DC09700B9D225 /* play-games.swift */,
				10FAD6F62A5DC21500B9D225 /* analyze-games.swift */,
			);
			path = "Lab2-Question8";
			sourceTree = "<group>";
		};
		10FAD6FA2A5DC67500B9D225 /* Models */ = {
			isa = PBXGroup;
			children = (
				10FAD6F82A5DC42200B9D225 /* MenuChoice.swift */,
				10FAD6FB2A5DCB2C00B9D225 /* GameType.swift */,
			);
			path = Models;
			sourceTree = "<group>";
		};
/* End PBXGroup section */

/* Begin PBXNativeTarget section */
		103A1A5A2A5C6E6400440F5E /* Lab2-Question8 */ = {
			isa = PBXNativeTarget;
			buildConfigurationList = 103A1A622A5C6E6400440F5E /* Build configuration list for PBXNativeTarget "Lab2-Question8" */;
			buildPhases = (
				103A1A572A5C6E6400440F5E /* Sources */,
				103A1A582A5C6E6400440F5E /* Frameworks */,
				103A1A592A5C6E6400440F5E /* CopyFiles */,
			);
			buildRules = (
			);
			dependencies = (
			);
			name = "Lab2-Question8";
			productName = "Lab2-Question8";
			productReference = 103A1A5B2A5C6E6400440F5E /* Lab2-Question8 */;
			productType = "com.apple.product-type.tool";
		};
/* End PBXNativeTarget section */

/* Begin PBXProject section */
		103A1A532A5C6E6400440F5E /* Project object */ = {
			isa = PBXProject;
			attributes = {
				BuildIndependentTargetsInParallel = 1;
				LastSwiftUpdateCheck = 1430;
				LastUpgradeCheck = 1430;
				TargetAttributes = {
					103A1A5A2A5C6E6400440F5E = {
						CreatedOnToolsVersion = 14.3.1;
					};
				};
			};
			buildConfigurationList = 103A1A562A5C6E6400440F5E /* Build configuration list for PBXProject "Lab2-Question8" */;
			compatibilityVersion = "Xcode 14.0";
			developmentRegion = en;
			hasScannedForEncodings = 0;
			knownRegions = (
				en,
				Base,
			);
			mainGroup = 103A1A522A5C6E6400440F5E;
			productRefGroup = 103A1A5C2A5C6E6400440F5E /* Products */;
			projectDirPath = "";
			projectRoot = "";
			targets = (
				103A1A5A2A5C6E6400440F5E /* Lab2-Question8 */,
			);
		};
/* End PBXProject section */

/* Begin PBXSourcesBuildPhase section */
		103A1A572A5C6E6400440F5E /* Sources */ = {
			isa = PBXSourcesBuildPhase;
			buildActionMask = 2147483647;
			files = (
				103A1A5F2A5C6E6400440F5E /* main.swift in Sources */,
				103A1A662A5C6E9700440F5E /* utils.swift in Sources */,
				10FAD6F32A5DB8BC00B9D225 /* handle-inputs.swift in Sources */,
				10FAD6F52A5DC09700B9D225 /* play-games.swift in Sources */,
				10FAD6F72A5DC21500B9D225 /* analyze-games.swift in Sources */,
				10FAD6FC2A5DCB2C00B9D225 /* GameType.swift in Sources */,
				10FAD6F92A5DC42200B9D225 /* MenuChoice.swift in Sources */,
				103A1A682A5C6EFB00440F5E /* constants.swift in Sources */,
			);
			runOnlyForDeploymentPostprocessing = 0;
		};
/* End PBXSourcesBuildPhase section */

/* Begin XCBuildConfiguration section */
		103A1A602A5C6E6400440F5E /* Debug */ = {
			isa = XCBuildConfiguration;
			buildSettings = {
				ALWAYS_SEARCH_USER_PATHS = NO;
				CLANG_ANALYZER_NONNULL = YES;
				CLANG_ANALYZER_NUMBER_OBJECT_CONVERSION = YES_AGGRESSIVE;
				CLANG_CXX_LANGUAGE_STANDARD = "gnu++20";
				CLANG_ENABLE_MODULES = YES;
				CLANG_ENABLE_OBJC_ARC = YES;
				CLANG_ENABLE_OBJC_WEAK = YES;
				CLANG_WARN_BLOCK_CAPTURE_AUTORELEASING = YES;
				CLANG_WARN_BOOL_CONVERSION = YES;
				CLANG_WARN_COMMA = YES;
				CLANG_WARN_CONSTANT_CONVERSION = YES;
				CLANG_WARN_DEPRECATED_OBJC_IMPLEMENTATIONS = YES;
				CLANG_WARN_DIRECT_OBJC_ISA_USAGE = YES_ERROR;
				CLANG_WARN_DOCUMENTATION_COMMENTS = YES;
				CLANG_WARN_EMPTY_BODY = YES;
				CLANG_WARN_ENUM_CONVERSION = YES;
				CLANG_WARN_INFINITE_RECURSION = YES;
				CLANG_WARN_INT_CONVERSION = YES;
				CLANG_WARN_NON_LITERAL_NULL_CONVERSION = YES;
				CLANG_WARN_OBJC_IMPLICIT_RETAIN_SELF = YES;
				CLANG_WARN_OBJC_LITERAL_CONVERSION = YES;
				CLANG_WARN_OBJC_ROOT_CLASS = YES_ERROR;
				CLANG_WARN_QUOTED_INCLUDE_IN_FRAMEWORK_HEADER = YES;
				CLANG_WARN_RANGE_LOOP_ANALYSIS = YES;
				CLANG_WARN_STRICT_PROTOTYPES = YES;
				CLANG_WARN_SUSPICIOUS_MOVE = YES;
				CLANG_WARN_UNGUARDED_AVAILABILITY = YES_AGGRESSIVE;
				CLANG_WARN_UNREACHABLE_CODE = YES;
				CLANG_WARN__DUPLICATE_METHOD_MATCH = YES;
				COPY_PHASE_STRIP = NO;
				DEBUG_INFORMATION_FORMAT = dwarf;
				ENABLE_STRICT_OBJC_MSGSEND = YES;
				ENABLE_TESTABILITY = YES;
				GCC_C_LANGUAGE_STANDARD = gnu11;
				GCC_DYNAMIC_NO_PIC = NO;
				GCC_NO_COMMON_BLOCKS = YES;
				GCC_OPTIMIZATION_LEVEL = 0;
				GCC_PREPROCESSOR_DEFINITIONS = (
					"DEBUG=1",
					"$(inherited)",
				);
				GCC_WARN_64_TO_32_BIT_CONVERSION = YES;
				GCC_WARN_ABOUT_RETURN_TYPE = YES_ERROR;
				GCC_WARN_UNDECLARED_SELECTOR = YES;
				GCC_WARN_UNINITIALIZED_AUTOS = YES_AGGRESSIVE;
				GCC_WARN_UNUSED_FUNCTION = YES;
				GCC_WARN_UNUSED_VARIABLE = YES;
				MACOSX_DEPLOYMENT_TARGET = 13.3;
				MTL_ENABLE_DEBUG_INFO = INCLUDE_SOURCE;
				MTL_FAST_MATH = YES;
				ONLY_ACTIVE_ARCH = YES;
				SDKROOT = macosx;
				SWIFT_ACTIVE_COMPILATION_CONDITIONS = DEBUG;
				SWIFT_OPTIMIZATION_LEVEL = "-Onone";
			};
			name = Debug;
		};
		103A1A612A5C6E6400440F5E /* Release */ = {
			isa = XCBuildConfiguration;
			buildSettings = {
				ALWAYS_SEARCH_USER_PATHS = NO;
				CLANG_ANALYZER_NONNULL = YES;
				CLANG_ANALYZER_NUMBER_OBJECT_CONVERSION = YES_AGGRESSIVE;
				CLANG_CXX_LANGUAGE_STANDARD = "gnu++20";
				CLANG_ENABLE_MODULES = YES;
				CLANG_ENABLE_OBJC_ARC = YES;
				CLANG_ENABLE_OBJC_WEAK = YES;
				CLANG_WARN_BLOCK_CAPTURE_AUTORELEASING = YES;
				CLANG_WARN_BOOL_CONVERSION = YES;
				CLANG_WARN_COMMA = YES;
				CLANG_WARN_CONSTANT_CONVERSION = YES;
				CLANG_WARN_DEPRECATED_OBJC_IMPLEMENTATIONS = YES;
				CLANG_WARN_DIRECT_OBJC_ISA_USAGE = YES_ERROR;
				CLANG_WARN_DOCUMENTATION_COMMENTS = YES;
				CLANG_WARN_EMPTY_BODY = YES;
				CLANG_WARN_ENUM_CONVERSION = YES;
				CLANG_WARN_INFINITE_RECURSION = YES;
				CLANG_WARN_INT_CONVERSION = YES;
				CLANG_WARN_NON_LITERAL_NULL_CONVERSION = YES;
				CLANG_WARN_OBJC_IMPLICIT_RETAIN_SELF = YES;
				CLANG_WARN_OBJC_LITERAL_CONVERSION = YES;
				CLANG_WARN_OBJC_ROOT_CLASS = YES_ERROR;
				CLANG_WARN_QUOTED_INCLUDE_IN_FRAMEWORK_HEADER = YES;
				CLANG_WARN_RANGE_LOOP_ANALYSIS = YES;
				CLANG_WARN_STRICT_PROTOTYPES = YES;
				CLANG_WARN_SUSPICIOUS_MOVE = YES;
				CLANG_WARN_UNGUARDED_AVAILABILITY = YES_AGGRESSIVE;
				CLANG_WARN_UNREACHABLE_CODE = YES;
				CLANG_WARN__DUPLICATE_METHOD_MATCH = YES;
				COPY_PHASE_STRIP = NO;
				DEBUG_INFORMATION_FORMAT = "dwarf-with-dsym";
				ENABLE_NS_ASSERTIONS = NO;
				ENABLE_STRICT_OBJC_MSGSEND = YES;
				GCC_C_LANGUAGE_STANDARD = gnu11;
				GCC_NO_COMMON_BLOCKS = YES;
				GCC_WARN_64_TO_32_BIT_CONVERSION = YES;
				GCC_WARN_ABOUT_RETURN_TYPE = YES_ERROR;
				GCC_WARN_UNDECLARED_SELECTOR = YES;
				GCC_WARN_UNINITIALIZED_AUTOS = YES_AGGRESSIVE;
				GCC_WARN_UNUSED_FUNCTION = YES;
				GCC_WARN_UNUSED_VARIABLE = YES;
				MACOSX_DEPLOYMENT_TARGET = 13.3;
				MTL_ENABLE_DEBUG_INFO = NO;
				MTL_FAST_MATH = YES;
				SDKROOT = macosx;
				SWIFT_COMPILATION_MODE = wholemodule;
				SWIFT_OPTIMIZATION_LEVEL = "-O";
			};
			name = Release;
		};
		103A1A632A5C6E6400440F5E /* Debug */ = {
			isa = XCBuildConfiguration;
			buildSettings = {
				CODE_SIGN_STYLE = Automatic;
				PRODUCT_NAME = "$(TARGET_NAME)";
				SWIFT_VERSION = 5.0;
			};
			name = Debug;
		};
		103A1A642A5C6E6400440F5E /* Release */ = {
			isa = XCBuildConfiguration;
			buildSettings = {
				CODE_SIGN_STYLE = Automatic;
				PRODUCT_NAME = "$(TARGET_NAME)";
				SWIFT_VERSION = 5.0;
			};
			name = Release;
		};
/* End XCBuildConfiguration section */

/* Begin XCConfigurationList section */
		103A1A562A5C6E6400440F5E /* Build configuration list for PBXProject "Lab2-Question8" */ = {
			isa = XCConfigurationList;
			buildConfigurations = (
				103A1A602A5C6E6400440F5E /* Debug */,
				103A1A612A5C6E6400440F5E /* Release */,
			);
			defaultConfigurationIsVisible = 0;
			defaultConfigurationName = Release;
		};
		103A1A622A5C6E6400440F5E /* Build configuration list for PBXNativeTarget "Lab2-Question8" */ = {
			isa = XCConfigurationList;
			buildConfigurations = (
				103A1A632A5C6E6400440F5E /* Debug */,
				103A1A642A5C6E6400440F5E /* Release */,
			);
			defaultConfigurationIsVisible = 0;
			defaultConfigurationName = Release;
		};
/* End XCConfigurationList section */
	};
	rootObject = 103A1A532A5C6E6400440F5E /* Project object */;
}
